
Microsoft Visual Studio Solution File, Format Version 12.00
# Visual Studio Version 16
VisualStudioVersion = 16.0.30011.22
MinimumVisualStudioVersion = 10.0.40219.1
Project("{9A19103F-16F7-4668-BE54-9A1E7A4F7556}") = "MAS.PizzaPlace.Sender", "MAS.PizzaPlace.Sender\MAS.PizzaPlace.Sender.csproj", "{2044C648-822B-40EA-8EB6-AE19C8142405}"
EndProject
Project("{FAE04EC0-301F-11D3-BF4B-00C04F79EFBC}") = "MAS.PizzaPlace.Receiver", "MAS.PizzaPlace.Receiver\MAS.PizzaPlace.Receiver.csproj", "{0F2DEE4A-4515-4F33-8F93-37BAD3399152}"
EndProject
Global
	GlobalSection(SolutionConfigurationPlatforms) = preSolution
		Debug|Any CPU = Debug|Any CPU
		Release|Any CPU = Release|Any CPU
	EndGlobalSection
	GlobalSection(ProjectConfigurationPlatforms) = postSolution
		{2044C648-822B-40EA-8EB6-AE19C8142405}.Debug|Any CPU.ActiveCfg = Debug|Any CPU
		{2044C648-822B-40EA-8EB6-AE19C8142405}.Debug|Any CPU.Build.0 = Debug|Any CPU
		{2044C648-822B-40EA-8EB6-AE19C8142405}.Release|Any CPU.ActiveCfg = Release|Any CPU
		{2044C648-822B-40EA-8EB6-AE19C8142405}.Release|Any CPU.Build.0 = Release|Any CPU
		{0F2DEE4A-4515-4F33-8F93-37BAD3399152}.Debug|Any CPU.ActiveCfg = Debug|Any CPU
		{0F2DEE4A-4515-4F33-8F93-37BAD3399152}.Debug|Any CPU.Build.0 = Debug|Any CPU
		{0F2DEE4A-4515-4F33-8F93-37BAD3399152}.Release|Any CPU.ActiveCfg = Release|Any CPU
		{0F2DEE4A-4515-4F33-8F93-37BAD3399152}.Release|Any CPU.Build.0 = Release|Any CPU
	EndGlobalSection
	GlobalSection(SolutionProperties) = preSolution
		HideSolutionNode = FALSE
	EndGlobalSection
	GlobalSection(ExtensibilityGlobals) = postSolution
		SolutionGuid = {163C6E31-39ED-4D73-A54D-69BA528D1B27}
	EndGlobalSection
EndGlobal
